// !$*UTF8*$!
{
	archiveVersion = 1;
	classes = {
	};
	objectVersion = 50;
	objects = {

/* Begin PBXBuildFile section */
		DCC15FF724967A0E005DBE98 /* AppDelegate.swift in Sources */ = {isa = PBXBuildFile; fileRef = DCC15FF624967A0E005DBE98 /* AppDelegate.swift */; };
		DCC15FF924967A0E005DBE98 /* SceneDelegate.swift in Sources */ = {isa = PBXBuildFile; fileRef = DCC15FF824967A0E005DBE98 /* SceneDelegate.swift */; };
		DCC15FFB24967A0E005DBE98 /* ViewController.swift in Sources */ = {isa = PBXBuildFile; fileRef = DCC15FFA24967A0E005DBE98 /* ViewController.swift */; };
		DCC15FFE24967A0E005DBE98 /* Main.storyboard in Resources */ = {isa = PBXBuildFile; fileRef = DCC15FFC24967A0E005DBE98 /* Main.storyboard */; };
		DCC1600024967A0F005DBE98 /* Assets.xcassets in Resources */ = {isa = PBXBuildFile; fileRef = DCC15FFF24967A0F005DBE98 /* Assets.xcassets */; };
		DCC1600324967A0F005DBE98 /* LaunchScreen.storyboard in Resources */ = {isa = PBXBuildFile; fileRef = DCC1600124967A0F005DBE98 /* LaunchScreen.storyboard */; };
		DCC1600B24968E76005DBE98 /* MusicPlayers.swift in Sources */ = {isa = PBXBuildFile; fileRef = DCC1600A24968E76005DBE98 /* MusicPlayers.swift */; };
/* End PBXBuildFile section */

/* Begin PBXFileReference section */
		084BA385251BE9DB00EA5A0D /* Metal.framework */ = {isa = PBXFileReference; lastKnownFileType = wrapper.framework; name = Metal.framework; path = System/Library/Frameworks/Metal.framework; sourceTree = SDKROOT; };
		DCC15FF324967A0E005DBE98 /* Mixer.app */ = {isa = PBXFileReference; explicitFileType = wrapper.application; includeInIndex = 0; path = Mixer.app; sourceTree = BUILT_PRODUCTS_DIR; };
		DCC15FF624967A0E005DBE98 /* AppDelegate.swift */ = {isa = PBXFileReference; lastKnownFileType = sourcecode.swift; path = AppDelegate.swift; sourceTree = "<group>"; };
		DCC15FF824967A0E005DBE98 /* SceneDelegate.swift */ = {isa = PBXFileReference; lastKnownFileType = sourcecode.swift; path = SceneDelegate.swift; sourceTree = "<group>"; };
		DCC15FFA24967A0E005DBE98 /* ViewController.swift */ = {isa = PBXFileReference; lastKnownFileType = sourcecode.swift; path = ViewController.swift; sourceTree = "<group>"; };
		DCC15FFD24967A0E005DBE98 /* Base */ = {isa = PBXFileReference; lastKnownFileType = file.storyboard; name = Base; path = Base.lproj/Main.storyboard; sourceTree = "<group>"; };
		DCC15FFF24967A0F005DBE98 /* Assets.xcassets */ = {isa = PBXFileReference; lastKnownFileType = folder.assetcatalog; path = Assets.xcassets; sourceTree = "<group>"; };
		DCC1600224967A0F005DBE98 /* Base */ = {isa = PBXFileReference; lastKnownFileType = file.storyboard; name = Base; path = Base.lproj/LaunchScreen.storyboard; sourceTree = "<group>"; };
		DCC1600424967A0F005DBE98 /* Info.plist */ = {isa = PBXFileReference; lastKnownFileType = text.plist.xml; path = Info.plist; sourceTree = "<group>"; };
		DCC1600A24968E76005DBE98 /* MusicPlayers.swift */ = {isa = PBXFileReference; lastKnownFileType = sourcecode.swift; path = MusicPlayers.swift; sourceTree = "<group>"; };
/* End PBXFileReference section */

/* Begin PBXFrameworksBuildPhase section */
		DCC15FF024967A0E005DBE98 /* Frameworks */ = {
			isa = PBXFrameworksBuildPhase;
			buildActionMask = 2147483647;
			files = (
			);
			runOnlyForDeploymentPostprocessing = 0;
		};
/* End PBXFrameworksBuildPhase section */

/* Begin PBXGroup section */
		084BA384251BE9DA00EA5A0D /* Frameworks */ = {
			isa = PBXGroup;
			children = (
				084BA385251BE9DB00EA5A0D /* Metal.framework */,
			);
			name = Frameworks;
			sourceTree = "<group>";
		};
		DCC15FEA24967A0E005DBE98 = {
			isa = PBXGroup;
			children = (
				DCC15FF524967A0E005DBE98 /* Mixer */,
				DCC15FF424967A0E005DBE98 /* Products */,
				084BA384251BE9DA00EA5A0D /* Frameworks */,
			);
			sourceTree = "<group>";
		};
		DCC15FF424967A0E005DBE98 /* Products */ = {
			isa = PBXGroup;
			children = (
				DCC15FF324967A0E005DBE98 /* Mixer.app */,
			);
			name = Products;
			sourceTree = "<group>";
		};
		DCC15FF524967A0E005DBE98 /* Mixer */ = {
			isa = PBXGroup;
			children = (
				DCC15FF624967A0E005DBE98 /* AppDelegate.swift */,
				DCC15FF824967A0E005DBE98 /* SceneDelegate.swift */,
				DCC15FFA24967A0E005DBE98 /* ViewController.swift */,
				DCC1600A24968E76005DBE98 /* MusicPlayers.swift */,
				DCC15FFC24967A0E005DBE98 /* Main.storyboard */,
				DCC15FFF24967A0F005DBE98 /* Assets.xcassets */,
				DCC1600124967A0F005DBE98 /* LaunchScreen.storyboard */,
				DCC1600424967A0F005DBE98 /* Info.plist */,
			);
			path = Mixer;
			sourceTree = "<group>";
		};
/* End PBXGroup section */

/* Begin PBXNativeTarget section */
		DCC15FF224967A0E005DBE98 /* Mixer */ = {
			isa = PBXNativeTarget;
			buildConfigurationList = DCC1600724967A0F005DBE98 /* Build configuration list for PBXNativeTarget "Mixer" */;
			buildPhases = (
				DCC15FEF24967A0E005DBE98 /* Sources */,
				DCC15FF024967A0E005DBE98 /* Frameworks */,
				DCC15FF124967A0E005DBE98 /* Resources */,
			);
			buildRules = (
			);
			dependencies = (
			);
			name = Mixer;
			productName = Mixer;
			productReference = DCC15FF324967A0E005DBE98 /* Mixer.app */;
			productType = "com.apple.product-type.application";
		};
/* End PBXNativeTarget section */

/* Begin PBXProject section */
		DCC15FEB24967A0E005DBE98 /* Project object */ = {
			isa = PBXProject;
			attributes = {
				LastSwiftUpdateCheck = 1150;
				LastUpgradeCheck = 1150;
				ORGANIZATIONNAME = "Julian Silvestri";
				TargetAttributes = {
					DCC15FF224967A0E005DBE98 = {
						CreatedOnToolsVersion = 11.5;
					};
				};
			};
			buildConfigurationList = DCC15FEE24967A0E005DBE98 /* Build configuration list for PBXProject "Mixer" */;
			compatibilityVersion = "Xcode 9.3";
			developmentRegion = en;
			hasScannedForEncodings = 0;
			knownRegions = (
				en,
				Base,
			);
			mainGroup = DCC15FEA24967A0E005DBE98;
			productRefGroup = DCC15FF424967A0E005DBE98 /* Products */;
			projectDirPath = "";
			projectRoot = "";
			targets = (
				DCC15FF224967A0E005DBE98 /* Mixer */,
			);
		};
/* End PBXProject section */

/* Begin PBXResourcesBuildPhase section */
		DCC15FF124967A0E005DBE98 /* Resources */ = {
			isa = PBXResourcesBuildPhase;
			buildActionMask = 2147483647;
			files = (
				DCC1600324967A0F005DBE98 /* LaunchScreen.storyboard in Resources */,
				DCC1600024967A0F005DBE98 /* Assets.xcassets in Resources */,
				DCC15FFE24967A0E005DBE98 /* Main.storyboard in Resources */,
			);
			runOnlyForDeploymentPostprocessing = 0;
		};
/* End PBXResourcesBuildPhase section */

/* Begin PBXSourcesBuildPhase section */
		DCC15FEF24967A0E005DBE98 /* Sources */ = {
			isa = PBXSourcesBuildPhase;
			buildActionMask = 2147483647;
			files = (
				DCC15FFB24967A0E005DBE98 /* ViewController.swift in Sources */,
				DCC15FF724967A0E005DBE98 /* AppDelegate.swift in Sources */,
				DCC1600B24968E76005DBE98 /* MusicPlayers.swift in Sources */,
				DCC15FF924967A0E005DBE98 /* SceneDelegate.swift in Sources */,
			);
			runOnlyForDeploymentPostprocessing = 0;
		};
/* End PBXSourcesBuildPhase section */

/* Begin PBXVariantGroup section */
		DCC15FFC24967A0E005DBE98 /* Main.storyboard */ = {
			isa = PBXVariantGroup;
			children = (
				DCC15FFD24967A0E005DBE98 /* Base */,
			);
			name = Main.storyboard;
			sourceTree = "<group>";
		};
		DCC1600124967A0F005DBE98 /* LaunchScreen.storyboard */ = {
			isa = PBXVariantGroup;
			children = (
				DCC1600224967A0F005DBE98 /* Base */,
			);
			name = LaunchScreen.storyboard;
			sourceTree = "<group>";
		};
/* End PBXVariantGroup section */

/* Begin XCBuildConfiguration section */
		DCC1600524967A0F005DBE98 /* Debug */ = {
			isa = XCBuildConfiguration;
			buildSettings = {
				ALWAYS_SEARCH_USER_PATHS = NO;
				CLANG_ANALYZER_NONNULL = YES;
				CLANG_ANALYZER_NUMBER_OBJECT_CONVERSION = YES_AGGRESSIVE;
				CLANG_CXX_LANGUAGE_STANDARD = "gnu++14";
				CLANG_CXX_LIBRARY = "libc++";
				CLANG_ENABLE_MODULES = YES;
				CLANG_ENABLE_OBJC_ARC = YES;
				CLANG_ENABLE_OBJC_WEAK = YES;
				CLANG_WARN_BLOCK_CAPTURE_AUTORELEASING = YES;
				CLANG_WARN_BOOL_CONVERSION = YES;
				CLANG_WARN_COMMA = YES;
				CLANG_WARN_CONSTANT_CONVERSION = YES;
				CLANG_WARN_DEPRECATED_OBJC_IMPLEMENTATIONS = YES;
				CLANG_WARN_DIRECT_OBJC_ISA_USAGE = YES_ERROR;
				CLANG_WARN_DOCUMENTATION_COMMENTS = YES;
				CLANG_WARN_EMPTY_BODY = YES;
				CLANG_WARN_ENUM_CONVERSION = YES;
				CLANG_WARN_INFINITE_RECURSION = YES;
				CLANG_WARN_INT_CONVERSION = YES;
				CLANG_WARN_NON_LITERAL_NULL_CONVERSION = YES;
				CLANG_WARN_OBJC_IMPLICIT_RETAIN_SELF = YES;
				CLANG_WARN_OBJC_LITERAL_CONVERSION = YES;
				CLANG_WARN_OBJC_ROOT_CLASS = YES_ERROR;
				CLANG_WARN_RANGE_LOOP_ANALYSIS = YES;
				CLANG_WARN_STRICT_PROTOTYPES = YES;
				CLANG_WARN_SUSPICIOUS_MOVE = YES;
				CLANG_WARN_UNGUARDED_AVAILABILITY = YES_AGGRESSIVE;
				CLANG_WARN_UNREACHABLE_CODE = YES;
				CLANG_WARN__DUPLICATE_METHOD_MATCH = YES;
				COPY_PHASE_STRIP = NO;
				DEBUG_INFORMATION_FORMAT = dwarf;
				ENABLE_STRICT_OBJC_MSGSEND = YES;
				ENABLE_TESTABILITY = YES;
				GCC_C_LANGUAGE_STANDARD = gnu11;
				GCC_DYNAMIC_NO_PIC = NO;
				GCC_NO_COMMON_BLOCKS = YES;
				GCC_OPTIMIZATION_LEVEL = 0;
				GCC_PREPROCESSOR_DEFINITIONS = (
					"DEBUG=1",
					"$(inherited)",
				);
				GCC_WARN_64_TO_32_BIT_CONVERSION = YES;
				GCC_WARN_ABOUT_RETURN_TYPE = YES_ERROR;
				GCC_WARN_UNDECLARED_SELECTOR = YES;
				GCC_WARN_UNINITIALIZED_AUTOS = YES_AGGRESSIVE;
				GCC_WARN_UNUSED_FUNCTION = YES;
				GCC_WARN_UNUSED_VARIABLE = YES;
				IPHONEOS_DEPLOYMENT_TARGET = 13.5;
				MTL_ENABLE_DEBUG_INFO = INCLUDE_SOURCE;
				MTL_FAST_MATH = YES;
				ONLY_ACTIVE_ARCH = YES;
				SDKROOT = iphoneos;
				SWIFT_ACTIVE_COMPILATION_CONDITIONS = DEBUG;
				SWIFT_OPTIMIZATION_LEVEL = "-Onone";
			};
			name = Debug;
		};
		DCC1600624967A0F005DBE98 /* Release */ = {
			isa = XCBuildConfiguration;
			buildSettings = {
				ALWAYS_SEARCH_USER_PATHS = NO;
				CLANG_ANALYZER_NONNULL = YES;
				CLANG_ANALYZER_NUMBER_OBJECT_CONVERSION = YES_AGGRESSIVE;
				CLANG_CXX_LANGUAGE_STANDARD = "gnu++14";
				CLANG_CXX_LIBRARY = "libc++";
				CLANG_ENABLE_MODULES = YES;
				CLANG_ENABLE_OBJC_ARC = YES;
				CLANG_ENABLE_OBJC_WEAK = YES;
				CLANG_WARN_BLOCK_CAPTURE_AUTORELEASING = YES;
				CLANG_WARN_BOOL_CONVERSION = YES;
				CLANG_WARN_COMMA = YES;
				CLANG_WARN_CONSTANT_CONVERSION = YES;
				CLANG_WARN_DEPRECATED_OBJC_IMPLEMENTATIONS = YES;
				CLANG_WARN_DIRECT_OBJC_ISA_USAGE = YES_ERROR;
				CLANG_WARN_DOCUMENTATION_COMMENTS = YES;
				CLANG_WARN_EMPTY_BODY = YES;
				CLANG_WARN_ENUM_CONVERSION = YES;
				CLANG_WARN_INFINITE_RECURSION = YES;
				CLANG_WARN_INT_CONVERSION = YES;
				CLANG_WARN_NON_LITERAL_NULL_CONVERSION = YES;
				CLANG_WARN_OBJC_IMPLICIT_RETAIN_SELF = YES;
				CLANG_WARN_OBJC_LITERAL_CONVERSION = YES;
				CLANG_WARN_OBJC_ROOT_CLASS = YES_ERROR;
				CLANG_WARN_RANGE_LOOP_ANALYSIS = YES;
				CLANG_WARN_STRICT_PROTOTYPES = YES;
				CLANG_WARN_SUSPICIOUS_MOVE = YES;
				CLANG_WARN_UNGUARDED_AVAILABILITY = YES_AGGRESSIVE;
				CLANG_WARN_UNREACHABLE_CODE = YES;
				CLANG_WARN__DUPLICATE_METHOD_MATCH = YES;
				COPY_PHASE_STRIP = NO;
				DEBUG_INFORMATION_FORMAT = "dwarf-with-dsym";
				ENABLE_NS_ASSERTIONS = NO;
				ENABLE_STRICT_OBJC_MSGSEND = YES;
				GCC_C_LANGUAGE_STANDARD = gnu11;
				GCC_NO_COMMON_BLOCKS = YES;
				GCC_WARN_64_TO_32_BIT_CONVERSION = YES;
				GCC_WARN_ABOUT_RETURN_TYPE = YES_ERROR;
				GCC_WARN_UNDECLARED_SELECTOR = YES;
				GCC_WARN_UNINITIALIZED_AUTOS = YES_AGGRESSIVE;
				GCC_WARN_UNUSED_FUNCTION = YES;
				GCC_WARN_UNUSED_VARIABLE = YES;
				IPHONEOS_DEPLOYMENT_TARGET = 13.5;
				MTL_ENABLE_DEBUG_INFO = NO;
				MTL_FAST_MATH = YES;
				SDKROOT = iphoneos;
				SWIFT_COMPILATION_MODE = wholemodule;
				SWIFT_OPTIMIZATION_LEVEL = "-O";
				VALIDATE_PRODUCT = YES;
			};
			name = Release;
		};
		DCC1600824967A0F005DBE98 /* Debug */ = {
			isa = XCBuildConfiguration;
			buildSettings = {
				ASSETCATALOG_COMPILER_APPICON_NAME = AppIcon;
				CODE_SIGN_STYLE = Automatic;
				DEVELOPMENT_TEAM = A2B79Z9A8Q;
				INFOPLIST_FILE = Mixer/Info.plist;
				IPHONEOS_DEPLOYMENT_TARGET = 13.1;
				LD_RUNPATH_SEARCH_PATHS = (
					"$(inherited)",
					"@executable_path/Frameworks",
				);
				PRODUCT_BUNDLE_IDENTIFIER = "jsilvestri-.MixerLite";
				PRODUCT_NAME = "$(TARGET_NAME)";
				SWIFT_VERSION = 5.0;
				TARGETED_DEVICE_FAMILY = "1,2";
			};
			name = Debug;
		};
		DCC1600924967A0F005DBE98 /* Release */ = {
			isa = XCBuildConfiguration;
			buildSettings = {
				ASSETCATALOG_COMPILER_APPICON_NAME = AppIcon;
				CODE_SIGN_STYLE = Automatic;
				DEVELOPMENT_TEAM = A2B79Z9A8Q;
				INFOPLIST_FILE = Mixer/Info.plist;
				IPHONEOS_DEPLOYMENT_TARGET = 13.1;
				LD_RUNPATH_SEARCH_PATHS = (
					"$(inherited)",
					"@executable_path/Frameworks",
				);
				PRODUCT_BUNDLE_IDENTIFIER = "jsilvestri-.MixerLite";
				PRODUCT_NAME = "$(TARGET_NAME)";
				SWIFT_VERSION = 5.0;
				TARGETED_DEVICE_FAMILY = "1,2";
			};
			name = Release;
		};
/* End XCBuildConfiguration section */

/* Begin XCConfigurationList section */
		DCC15FEE24967A0E005DBE98 /* Build configuration list for PBXProject "Mixer" */ = {
			isa = XCConfigurationList;
			buildConfigurations = (
				DCC1600524967A0F005DBE98 /* Debug */,
				DCC1600624967A0F005DBE98 /* Release */,
			);
			defaultConfigurationIsVisible = 0;
			defaultConfigurationName = Release;
		};
		DCC1600724967A0F005DBE98 /* Build configuration list for PBXNativeTarget "Mixer" */ = {
			isa = XCConfigurationList;
			buildConfigurations = (
				DCC1600824967A0F005DBE98 /* Debug */,
				DCC1600924967A0F005DBE98 /* Release */,
			);
			defaultConfigurationIsVisible = 0;
			defaultConfigurationName = Release;
		};
/* End XCConfigurationList section */
	};
	rootObject = DCC15FEB24967A0E005DBE98 /* Project object */;
}
